<?xml version="1.0" encoding="UTF-8"?><Scheme LastUpgradeVersion="2700" version="1.3"><BuildAction parallelizeBuildables="YES" buildImplicitDependencies="YES"><BuildActionEntries><BuildActionEntry buildForTesting="YES" buildForRunning="YES" buildForProfiling="YES" buildForArchiving="YES" buildForAnalyzing="YES"><BuildableReference BuildableIdentifier="primary" BlueprintIdentifier="371718A688EE17576066E2E5" BuildableName="PlentyStrong.app" BlueprintName="PlentyStrong" ReferencedContainer="container:PlentyStrong.xcodeproj"/></BuildActionEntry></BuildActionEntries></BuildAction><TestAction buildConfiguration="Debug" selectedDebuggerIdentifier="Xcode.DebuggerFoundation.Debugger.LLDB" selectedLauncherIdentifier="Xcode.IDEFoundation.Launcher.LLDB" shouldUseLaunchSchemeArgsEnv="YES"><Testables><TestableReference skipped="NO" parallelizable="NO"><BuildableReference BuildableIdentifier="primary" BlueprintIdentifier="4660356A1A5B3B63C9A0CACC" BuildableName="PlentyStrongTests.xctest" BlueprintName="PlentyStrongTests" ReferencedContainer="container:PlentyStrong.xcodeproj"/></TestableReference><TestableReference skipped="NO" parallelizable="NO"><BuildableReference BuildableIdentifier="primary" BlueprintIdentifier="371BBC9DD2882062069FEA30" BuildableName="PlentyStrongUITests.xctest" BlueprintName="PlentyStrongUITests" ReferencedContainer="container:PlentyStrong.xcodeproj"/></TestableReference></Testables></TestAction><LaunchAction buildConfiguration="Debug" selectedDebuggerIdentifier="Xcode.DebuggerFoundation.Debugger.LLDB" selectedLauncherIdentifier="Xcode.IDEFoundation.Launcher.LLDB" launchStyle="0" useCustomWorkingDirectory="NO" ignoresPersistentStateOnLaunch="NO" debugDocumentVersioning="YES" debugServiceExtension="internal" allowLocationSimulation="YES"><BuildableProductRunnable runnableDebuggingMode="0"><BuildableReference BuildableIdentifier="primary" BlueprintIdentifier="371718A688EE17576066E2E5" BuildableName="PlentyStrong.app" BlueprintName="PlentyStrong" ReferencedContainer="container:PlentyStrong.xcodeproj"/></BuildableProductRunnable><StoreKitConfigurationFileReference identifier="../../PlentyStrong/Resources/Tips.storekit"/></LaunchAction><ProfileAction buildConfiguration="Release" shouldUseLaunchSchemeArgsEnv="YES"/><AnalyzeAction buildConfiguration="Debug"/><ArchiveAction buildConfiguration="Release" revealArchiveInOrganizer="YES"/></Scheme>