// !$*UTF8*$!
{archiveVersion = 1; classes = {}; objectVersion = 60; objects = {
A44444444444444444444403 = {isa = PBXFileReference; lastKnownFileType = text.json; path = "Packages/TrainingCore/Sources/TrainingCore/Resources/ruleset-exact-v1.json"; sourceTree = SOURCE_ROOT;};
A44444444444444444444404 = {isa = PBXBuildFile; fileRef = A44444444444444444444403;};
A44444444444444444444401 = {isa = PBXFileReference; lastKnownFileType = sourcecode.swift; path = "PlentyStrongTests/ExactPolicyRepositoryTests.swift"; sourceTree = SOURCE_ROOT;};
A44444444444444444444402 = {isa = PBXBuildFile; fileRef = A44444444444444444444401;};
C32727B7214D4618A8772201 = {isa = PBXFileReference; lastKnownFileType = folder.assetcatalog; path = "PlentyStrong/Resources/Assets.xcassets"; sourceTree = SOURCE_ROOT;};
C32727B7214D4618A8772202 = {isa = PBXBuildFile; fileRef = C32727B7214D4618A8772201;};
A42727B7214D4618A8772201 = {isa = PBXFileReference; lastKnownFileType = text.xml; path = "Resources/PrivacyInfo.xcprivacy"; sourceTree = SOURCE_ROOT;};
A42727B7214D4618A8772202 = {isa = PBXBuildFile; fileRef = A42727B7214D4618A8772201;};
1CDE44CBABEA659702E7CA51 = {isa = PBXFileReference; lastKnownFileType = sourcecode.swift; path = "PlentyStrongTests/StoreKitTipPurchaserTests.swift"; sourceTree = SOURCE_ROOT;};
4EC9FAA92B39396F6C14E8FE = {isa = PBXBuildFile; fileRef = 1CDE44CBABEA659702E7CA51;};
B47C58F37CBAEFFBD21F5C4F = {isa = PBXBuildFile; fileRef = B51BD02D739A7260EADC0A1E;};
B88D19FCF4ACC1C09BF536D6 = {isa = PBXBuildFile; fileRef = B51BD02D739A7260EADC0A1E;};
B51BD02D739A7260EADC0A1E = {isa = PBXFileReference; lastKnownFileType = text; path = "PlentyStrong/Resources/Tips.storekit"; sourceTree = SOURCE_ROOT;};
B8B6519594EF85654EDD13FD = {isa = PBXBuildFile; fileRef = CEA9C6AD5384D89E8D900D06;};
CEA9C6AD5384D89E8D900D06 = {isa = PBXFileReference; lastKnownFileType = sourcecode.swift; path = "PlentyStrong/Monetization/TipJarView.swift"; sourceTree = SOURCE_ROOT;};
DF908A208ECEFD103BAD53C9 = {isa = PBXBuildFile; fileRef = C0F6E89A7445AFAE55639FC4;};
C0F6E89A7445AFAE55639FC4 = {isa = PBXFileReference; lastKnownFileType = sourcecode.swift; path = "PlentyStrong/Monetization/StoreKitTipPurchaser.swift"; sourceTree = SOURCE_ROOT;};
90F3565AA988AF750C61996A = {isa = PBXFileReference; lastKnownFileType = sourcecode.swift; path = "PlentyStrong/Monetization/TipStore.swift"; sourceTree = SOURCE_ROOT;};
4C2C06E64C044AED63410985 = {isa = PBXBuildFile; fileRef = 90F3565AA988AF750C61996A;};
ABCF710EC4A0B07027297C7C = {isa = PBXFileReference; lastKnownFileType = sourcecode.swift; path = "PlentyStrong/Monetization/TipReceiptCache.swift"; sourceTree = SOURCE_ROOT;};
531967FBB14B8AEA5253878B = {isa = PBXBuildFile; fileRef = ABCF710EC4A0B07027297C7C;};
79922B4EAA644EFD7C22F1CC = {isa = PBXFileReference; lastKnownFileType = sourcecode.swift; path = "PlentyStrong/Monetization/TipProduct.swift"; sourceTree = SOURCE_ROOT;};
E7F78B55D2626364710AE4A0 = {isa = PBXBuildFile; fileRef = 79922B4EAA644EFD7C22F1CC;};
629CB8C4C92483C4008F3952 = {isa = PBXFileReference; lastKnownFileType = sourcecode.swift; path = "PlentyStrongUITests/TipJarTests.swift"; sourceTree = SOURCE_ROOT;};
6D9D657E479B232CE96BE8BF = {isa = PBXBuildFile; fileRef = 629CB8C4C92483C4008F3952;};
8D588C54CB2976F7A21969BC = {isa = PBXFileReference; lastKnownFileType = sourcecode.swift; path = "PlentyStrongTests/TipStoreTests.swift"; sourceTree = SOURCE_ROOT;};
16AC4E598B8BFAAABBFF5877 = {isa = PBXBuildFile; fileRef = 8D588C54CB2976F7A21969BC;};
03460262D666C1B5B06D01AA = {isa = PBXFileReference; lastKnownFileType = sourcecode.swift; path = "PlentyStrongTests/Support/FakeTipPurchaser.swift"; sourceTree = SOURCE_ROOT;};
134CF88180F903615FDF087A = {isa = PBXBuildFile; fileRef = 03460262D666C1B5B06D01AA;};
8E9428C2F5D23DBF233598D2 = {isa = PBXFileReference; lastKnownFileType = sourcecode.swift; path = "PlentyStrongTests/CloudRecoveryLifecycleTests.swift"; sourceTree = SOURCE_ROOT;};
1D7A2CD16B26483D99BCA2F9 = {isa = PBXBuildFile; fileRef = 8E9428C2F5D23DBF233598D2;};
B1945478B33DF526D659A9D3 = {isa = PBXBuildFile; fileRef = D19E28CBFF9A34FBB2867C47;};
D19E28CBFF9A34FBB2867C47 = {isa = PBXFileReference; lastKnownFileType = sourcecode.swift; path = "PlentyStrong/Cloud/CloudRecoveryPreferences.swift"; sourceTree = SOURCE_ROOT;};
C0EB752EA940307B3A5FAFEE = {isa = PBXBuildFile; fileRef = D19E28CBFF9A34FBB2867C47;};
3B0922C0844C372AB6BF7300 = {isa = PBXFileReference; lastKnownFileType = sourcecode.swift; path = "Features/Settings/ConflictResolutionView.swift"; sourceTree = SOURCE_ROOT;};
47DE82CF6FF246B688EC86AC = {isa = PBXBuildFile; fileRef = 3B0922C0844C372AB6BF7300;};
8E7D3095745FAFDE044B398A = {isa = PBXFileReference; lastKnownFileType = sourcecode.swift; path = "Features/Settings/CloudRecoveryView.swift"; sourceTree = SOURCE_ROOT;};
4AE7C5223D54AEF659D8B3C5 = {isa = PBXBuildFile; fileRef = 8E7D3095745FAFDE044B398A;};
1A55B87BB2C31709AA90AE18 = {isa = PBXFileReference; lastKnownFileType = sourcecode.swift; path = "PlentyStrongUITests/CloudRecoveryFlowTests.swift"; sourceTree = SOURCE_ROOT;};
34AA6215BA7C29E71AA4B305 = {isa = PBXBuildFile; fileRef = 1A55B87BB2C31709AA90AE18;};
3AB739186DF2981F7BAB2F1D = {isa = PBXBuildFile; fileRef = 413CA77F48E973E7DACB6D06;};
91E0312655CAA2653473783C = {isa = PBXBuildFile; fileRef = 413CA77F48E973E7DACB6D06;};
413CA77F48E973E7DACB6D06 = {isa = PBXFileReference; lastKnownFileType = sourcecode.swift; path = "PlentyStrong/Cloud/RecoveryVerifier.swift"; sourceTree = SOURCE_ROOT;};
A395192AD3F0F8D62407ECB1 = {isa = PBXBuildFile; fileRef = 5C494C1CA555061AE65C562E;};
B5FF1CE57929362F2680801E = {isa = PBXBuildFile; fileRef = 5C494C1CA555061AE65C562E;};
5C494C1CA555061AE65C562E = {isa = PBXFileReference; lastKnownFileType = sourcecode.swift; path = "PlentyStrong/Cloud/CloudIngestor.swift"; sourceTree = SOURCE_ROOT;};
95BE374C76610BA6392A7004 = {isa = PBXFileReference; lastKnownFileType = sourcecode.swift; path = "PlentyStrongTests/CloudConflictTests.swift"; sourceTree = SOURCE_ROOT;};
443EB500B4DDD637DF18AA50 = {isa = PBXBuildFile; fileRef = 95BE374C76610BA6392A7004;};
6701D91EB34B9C138B68E660 = {isa = PBXFileReference; lastKnownFileType = sourcecode.swift; path = "PlentyStrongTests/CloudRecoveryTests.swift"; sourceTree = SOURCE_ROOT;};
1DA466F41A2FB6029F1BD4B3 = {isa = PBXBuildFile; fileRef = 6701D91EB34B9C138B68E660;};
9A1F0B87B7402A7C30AFB49A = {isa = PBXFileReference; lastKnownFileType = sourcecode.swift; path = "PlentyStrongTests/Support/FakeCloudTransport.swift"; sourceTree = SOURCE_ROOT;};
4392E1D78181A6843E36A686 = {isa = PBXBuildFile; fileRef = 9A1F0B87B7402A7C30AFB49A;};
0A171F903A5B107A53F93BB9 = {isa = PBXFileReference; lastKnownFileType = sourcecode.swift; path = "PlentyStrong/Cloud/SyncStatus.swift"; sourceTree = SOURCE_ROOT;};
398CBEF3751649278E25E699 = {isa = PBXBuildFile; fileRef = 0A171F903A5B107A53F93BB9;};
CAC8376F25A770E29C0E0B8A = {isa = PBXBuildFile; fileRef = 0A171F903A5B107A53F93BB9;};
9B761B2EDDAF6978286A4621 = {isa = PBXFileReference; lastKnownFileType = sourcecode.swift; path = "PlentyStrong/Cloud/CloudSyncCoordinator.swift"; sourceTree = SOURCE_ROOT;};
A4E4DE30B67C4E8C5D2CED05 = {isa = PBXBuildFile; fileRef = 9B761B2EDDAF6978286A4621;};
E9F25D28C71B8CE6C45E120E = {isa = PBXBuildFile; fileRef = 9B761B2EDDAF6978286A4621;};
8DB5304BDB33E88FF3946B4B = {isa = PBXFileReference; lastKnownFileType = sourcecode.swift; path = "PlentyStrong/Cloud/CloudTransport.swift"; sourceTree = SOURCE_ROOT;};
ED5135455588CA57497A0DD1 = {isa = PBXBuildFile; fileRef = 8DB5304BDB33E88FF3946B4B;};
2EB6C8C042F086DAD829622E = {isa = PBXBuildFile; fileRef = 8DB5304BDB33E88FF3946B4B;};
C76A8C8A2CADE3E4F07F15E4 = {isa = PBXFileReference; lastKnownFileType = sourcecode.swift; path = "PlentyStrong/Cloud/CloudRecordCodec.swift"; sourceTree = SOURCE_ROOT;};
38F89183E103587FCFE25370 = {isa = PBXBuildFile; fileRef = C76A8C8A2CADE3E4F07F15E4;};
D567E1BA41CD4266EE65B98F = {isa = PBXBuildFile; fileRef = C76A8C8A2CADE3E4F07F15E4;};
40667DC5FE0A64283DD6876D = {isa = PBXFileReference; lastKnownFileType = sourcecode.swift; path = "PlentyStrong/Cloud/CloudScope.swift"; sourceTree = SOURCE_ROOT;};
65BB7E6DE2C4FB2CB8835D39 = {isa = PBXBuildFile; fileRef = 40667DC5FE0A64283DD6876D;};
7D927997D35AC80872A8217C = {isa = PBXBuildFile; fileRef = 40667DC5FE0A64283DD6876D;};
0BDA5A930092C0C194C8168F = {isa = PBXFileReference; lastKnownFileType = sourcecode.swift; path = "PlentyStrongTests/CloudAccountTests.swift"; sourceTree = SOURCE_ROOT;};
FE9E8E3C0E69BD8037B6B534 = {isa = PBXBuildFile; fileRef = 0BDA5A930092C0C194C8168F;};
8F78C3B42027DEB887159946 = {isa = PBXFileReference; lastKnownFileType = sourcecode.swift; path = "PlentyStrongTests/CloudTransportTests.swift"; sourceTree = SOURCE_ROOT;};
D4567423DD73D7035C749787 = {isa = PBXBuildFile; fileRef = 8F78C3B42027DEB887159946;};
DE5EE0876F360E797D806DD9 = {isa = PBXFileReference; lastKnownFileType = text.json.xcstrings; path = "Resources/Localizable.xcstrings"; sourceTree = SOURCE_ROOT;};
05B65ED12DD9C5A6DE76344F = {isa = PBXBuildFile; fileRef = DE5EE0876F360E797D806DD9;};
2D1ED86BAA087BA1614394B9 = {isa = PBXFileReference; lastKnownFileType = sourcecode.swift; path = "Features/Settings/SettingsView.swift"; sourceTree = SOURCE_ROOT;};
C301BD6053C1267B995CEF42 = {isa = PBXBuildFile; fileRef = 2D1ED86BAA087BA1614394B9;};
9FAAA8FC6C54E74AAA79099D = {isa = PBXFileReference; lastKnownFileType = sourcecode.swift; path = "Features/Settings/ProgramSettingsView.swift"; sourceTree = SOURCE_ROOT;};
79B46FBBBBD3ED3A691A76C7 = {isa = PBXBuildFile; fileRef = 9FAAA8FC6C54E74AAA79099D;};
89D653E842D877EDB28D4BDA = {isa = PBXFileReference; lastKnownFileType = sourcecode.swift; path = "Features/Settings/BackupSettingsView.swift"; sourceTree = SOURCE_ROOT;};
A0031782F77E8DDF816D54AA = {isa = PBXBuildFile; fileRef = 89D653E842D877EDB28D4BDA;};
DB57598C3153A24EC4FFBE06 = {isa = PBXFileReference; lastKnownFileType = sourcecode.swift; path = "Features/Settings/AboutView.swift"; sourceTree = SOURCE_ROOT;};
389390B9BD560743F43853F5 = {isa = PBXBuildFile; fileRef = DB57598C3153A24EC4FFBE06;};
CA944E080F0F627C379FD820 = {isa = PBXFileReference; lastKnownFileType = sourcecode.swift; path = "Features/History/WorkoutDetailView.swift"; sourceTree = SOURCE_ROOT;};
B47C828274D206B595AF11DC = {isa = PBXBuildFile; fileRef = CA944E080F0F627C379FD820;};
3266BC3F9C0399A316B52326 = {isa = PBXFileReference; lastKnownFileType = sourcecode.swift; path = "Features/History/HistoryView.swift"; sourceTree = SOURCE_ROOT;};
D12E1AF49E4950C4D27B135A = {isa = PBXBuildFile; fileRef = 3266BC3F9C0399A316B52326;};
2344E91178F167583138B93C = {isa = PBXFileReference; lastKnownFileType = sourcecode.swift; path = "Features/History/DecisionExplanationView.swift"; sourceTree = SOURCE_ROOT;};
5ABA6AF93CE87A53245E180E = {isa = PBXBuildFile; fileRef = 2344E91178F167583138B93C;};
D40897A01562B3F4AF21496F = {isa = PBXFileReference; lastKnownFileType = sourcecode.swift; path = "PlentyStrongUITests/OfflineAcceptanceTests.swift"; sourceTree = SOURCE_ROOT;};
1E126CB3F5834B3CC1507539 = {isa = PBXBuildFile; fileRef = D40897A01562B3F4AF21496F;};
4F36F2D6BAE11C6383A6FB18 = {isa = PBXFileReference; lastKnownFileType = sourcecode.swift; path = "PlentyStrongUITests/HistorySettingsTests.swift"; sourceTree = SOURCE_ROOT;};
86A2991C76EE0B15600A3CEC = {isa = PBXBuildFile; fileRef = 4F36F2D6BAE11C6383A6FB18;};
78E0893F65ED9218C8D03C63 = {isa = PBXFileReference; lastKnownFileType = sourcecode.swift; path = "PlentyStrongUITests/MovementSetupTests.swift"; sourceTree = SOURCE_ROOT;};
E8F14B7B74A223C90AA06A46 = {isa = PBXBuildFile; fileRef = 78E0893F65ED9218C8D03C63;};
58E10F00B5A358740AA2B7F9 = {isa = PBXFileReference; lastKnownFileType = sourcecode.swift; path = "Features/Onboarding/OnboardingView.swift"; sourceTree = SOURCE_ROOT;};
F8A14924B4C48AB0F613F490 = {isa = PBXBuildFile; fileRef = 58E10F00B5A358740AA2B7F9;};
8A4EB675205BCE7BDAD1998C = {isa = PBXFileReference; lastKnownFileType = sourcecode.swift; path = "Features/Workout/MovementSetupView.swift"; sourceTree = SOURCE_ROOT;};
146F9F57DBBD6F6D8736D87D = {isa = PBXBuildFile; fileRef = 8A4EB675205BCE7BDAD1998C;};
02E9ECEC64B822CEC85D618D = {isa = PBXFileReference; lastKnownFileType = sourcecode.swift; path = "Features/Workout/WorkoutView.swift"; sourceTree = SOURCE_ROOT;};
1CC48EF77EA71D0165022CDE = {isa = PBXBuildFile; fileRef = 02E9ECEC64B822CEC85D618D;};
84C8B04F0618505D7E3B93C1 = {isa = PBXFileReference; lastKnownFileType = sourcecode.swift; path = "Features/Workout/SetEntryView.swift"; sourceTree = SOURCE_ROOT;};
383F9F2B2FE53524ED0D007F = {isa = PBXBuildFile; fileRef = 84C8B04F0618505D7E3B93C1;};
EEA9ADD9CFE90C8EEA042355 = {isa = PBXFileReference; lastKnownFileType = sourcecode.swift; path = "Features/Workout/EffortPicker.swift"; sourceTree = SOURCE_ROOT;};
F0AA07370CA95E90B8D97897 = {isa = PBXBuildFile; fileRef = EEA9ADD9CFE90C8EEA042355;};
B612F49D3917ECA046B1C837 = {isa = PBXFileReference; lastKnownFileType = sourcecode.swift; path = "Features/Today/TodayView.swift"; sourceTree = SOURCE_ROOT;};
44AC58316BAB9395AFAF122B = {isa = PBXBuildFile; fileRef = B612F49D3917ECA046B1C837;};
A0EABDCB46136B476DEFB32C = {isa = PBXFileReference; lastKnownFileType = sourcecode.swift; path = "PlentyStrong/AppComposition.swift"; sourceTree = SOURCE_ROOT;};
4148EC549224CEA6D6923BDC = {isa = PBXBuildFile; fileRef = A0EABDCB46136B476DEFB32C;};
35BF92AA92998D8E6CC8997E = {isa = PBXFileReference; lastKnownFileType = sourcecode.swift; path = "PlentyStrongTests/WorkoutViewModelTests.swift"; sourceTree = SOURCE_ROOT;};
445E951139100184D1B145D2 = {isa = PBXBuildFile; fileRef = 35BF92AA92998D8E6CC8997E;};
42206D16A4EDBCF070BBEFB6 = {isa = PBXFileReference; lastKnownFileType = sourcecode.swift; path = "Features/Workout/RestTimer.swift"; sourceTree = SOURCE_ROOT;};
62CFB83EC217499D91643185 = {isa = PBXBuildFile; fileRef = 42206D16A4EDBCF070BBEFB6;};
066579F00958FF4DFAAB6C07 = {isa = PBXFileReference; lastKnownFileType = sourcecode.swift; path = "Features/Workout/WorkoutViewModel.swift"; sourceTree = SOURCE_ROOT;};
A59DA1229D7606F466DF813D = {isa = PBXBuildFile; fileRef = 066579F00958FF4DFAAB6C07;};
0932A24E224DDF729D7CCD58 = {isa = PBXFileReference; lastKnownFileType = sourcecode.swift; path = "PlentyStrongUITests/WorkoutFlowTests.swift"; sourceTree = SOURCE_ROOT;};
851D9D08FB1245D47B0EF58F = {isa = PBXBuildFile; fileRef = 0932A24E224DDF729D7CCD58;};
E4FBFD16C509A784A290009C = {isa = PBXFileReference; lastKnownFileType = sourcecode.swift; path = "PlentyStrong/PlentyStrongApp.swift"; sourceTree = SOURCE_ROOT;};
50160978998D86F31D419B27 = {isa = PBXFileReference; lastKnownFileType = sourcecode.swift; path = "PlentyStrong/Persistence/TrainingSchemaV1.swift"; sourceTree = SOURCE_ROOT;};
9BD5FCBF443FA79C8E4D4A2A = {isa = PBXFileReference; lastKnownFileType = sourcecode.swift; path = "PlentyStrong/Persistence/TrainingRepository.swift"; sourceTree = SOURCE_ROOT;};
9C8DFF6B23D3F8763EEC05AF = {isa = PBXFileReference; lastKnownFileType = sourcecode.swift; path = "PlentyStrong/Persistence/TrainingMigrationPlan.swift"; sourceTree = SOURCE_ROOT;};
403EE5C46B373FD340FB8B84 = {isa = PBXFileReference; lastKnownFileType = sourcecode.swift; path = "Backup/BackupService.swift"; sourceTree = SOURCE_ROOT;};
0C6702588BE653BE17295183 = {isa = PBXFileReference; lastKnownFileType = sourcecode.swift; path = "Backup/BackupDocument.swift"; sourceTree = SOURCE_ROOT;};
E1090160763A2455054334F6 = {isa = PBXFileReference; lastKnownFileType = sourcecode.swift; path = "PlentyStrongTests/BackupTests.swift"; sourceTree = SOURCE_ROOT;};
7B40772FF19B169EE88C97D4 = {isa = PBXFileReference; lastKnownFileType = sourcecode.swift; path = "PlentyStrongTests/MigrationTests.swift"; sourceTree = SOURCE_ROOT;};
BA3F8423F05665E91C4D7A38 = {isa = PBXFileReference; lastKnownFileType = sourcecode.swift; path = "PlentyStrongTests/RepositoryTests.swift"; sourceTree = SOURCE_ROOT;};
ED34DF37B095B5B254A951B0 = {isa = PBXFileReference; lastKnownFileType = sourcecode.swift; path = "PlentyStrongTests/Support/RepositoryTestHarness.swift"; sourceTree = SOURCE_ROOT;};
CBBD71586954ADB0D0AB69C8 = {isa = PBXFileReference; lastKnownFileType = sourcecode.swift; path = "PlentyStrongUITests/ShellTests.swift"; sourceTree = SOURCE_ROOT;};
804F3AA3C23C7A48CA7CE75D = {isa = PBXFileReference; lastKnownFileType = sourcecode.swift; path = "PlentyStrongTests/Support/CrashHarness/main.swift"; sourceTree = SOURCE_ROOT;};
8671CA34462D6D06DE054680 = {isa = PBXFileReference; lastKnownFileType = text.json; path = "Packages/TrainingCore/Sources/TrainingCore/Resources/ruleset-swift1.json"; sourceTree = SOURCE_ROOT;};
EFA7610F1CBB9E096549BA56 = {isa = PBXFileReference; lastKnownFileType = text.json; path = "Packages/TrainingCore/Sources/TrainingCore/Resources/fixed-exercise-profile.json"; sourceTree = SOURCE_ROOT;};
778EB363E9C3B74D349B79B5 = {isa = PBXFileReference; lastKnownFileType = text.json; path = "docs/specs/2026-10-05-fixed-exercise-profile.json"; sourceTree = SOURCE_ROOT;};
F79A8E4C5D82D29559D6A313 = {isa = PBXFileReference; lastKnownFileType = text.json; path = "PlentyStrongTests/Fixtures/unsupported-backup-v2.json"; sourceTree = SOURCE_ROOT;};
D0B0518F0A45702BABBB984B = {isa = PBXFileReference; lastKnownFileType = text.json; path = "PlentyStrongTests/Fixtures/truncated-backup.json"; sourceTree = SOURCE_ROOT;};
582681C2EAE02B3F3D399C0C = {isa = XCLocalSwiftPackageReference; relativePath = Packages/TrainingCore;};
7A693D82E22195B24809E319 = {isa = PBXFileReference; explicitFileType = wrapper.application; path = PlentyStrong.app; sourceTree = BUILT_PRODUCTS_DIR;};
77A082999A64DF0F6FCA608E = {isa = PBXBuildFile; fileRef = E4FBFD16C509A784A290009C;};
5ACB00567FCB0EF09FB7CD68 = {isa = PBXBuildFile; fileRef = 50160978998D86F31D419B27;};
5B7C9996014C104EE1487794 = {isa = PBXBuildFile; fileRef = 9BD5FCBF443FA79C8E4D4A2A;};
0E128D837046F8FABDAF7596 = {isa = PBXBuildFile; fileRef = 9C8DFF6B23D3F8763EEC05AF;};
874B12E90AF984F88C1E1FA5 = {isa = PBXBuildFile; fileRef = 403EE5C46B373FD340FB8B84;};
1204AF2A44326858D67CE1D3 = {isa = PBXBuildFile; fileRef = 0C6702588BE653BE17295183;};
F1E07F60A06DA8073E988B8B = {isa = PBXSourcesBuildPhase; buildActionMask = 2147483647; files = (B8B6519594EF85654EDD13FD,DF908A208ECEFD103BAD53C9,4C2C06E64C044AED63410985,531967FBB14B8AEA5253878B,E7F78B55D2626364710AE4A0,C0EB752EA940307B3A5FAFEE,47DE82CF6FF246B688EC86AC,4AE7C5223D54AEF659D8B3C5,91E0312655CAA2653473783C,B5FF1CE57929362F2680801E,398CBEF3751649278E25E699,A4E4DE30B67C4E8C5D2CED05,ED5135455588CA57497A0DD1,38F89183E103587FCFE25370,65BB7E6DE2C4FB2CB8835D39,C301BD6053C1267B995CEF42,79B46FBBBBD3ED3A691A76C7,A0031782F77E8DDF816D54AA,389390B9BD560743F43853F5,B47C828274D206B595AF11DC,D12E1AF49E4950C4D27B135A,5ABA6AF93CE87A53245E180E,F8A14924B4C48AB0F613F490,146F9F57DBBD6F6D8736D87D,1CC48EF77EA71D0165022CDE,383F9F2B2FE53524ED0D007F,F0AA07370CA95E90B8D97897,44AC58316BAB9395AFAF122B,4148EC549224CEA6D6923BDC,62CFB83EC217499D91643185,A59DA1229D7606F466DF813D,77A082999A64DF0F6FCA608E,5ACB00567FCB0EF09FB7CD68,5B7C9996014C104EE1487794,0E128D837046F8FABDAF7596,874B12E90AF984F88C1E1FA5,1204AF2A44326858D67CE1D3); runOnlyForDeploymentPostprocessing = 0;};
CC1F1945B0BDD7E696804A57 = {isa = PBXBuildFile; fileRef = 8671CA34462D6D06DE054680;};
189CF9C49DC5F8CC28494F23 = {isa = PBXBuildFile; fileRef = EFA7610F1CBB9E096549BA56;};
3F5EBE797037DB8AD742CA79 = {isa = PBXBuildFile; fileRef = 778EB363E9C3B74D349B79B5;};
C667C397922E2DEB2C132401 = {isa = PBXResourcesBuildPhase; buildActionMask = 2147483647; files = (A44444444444444444444404,C32727B7214D4618A8772202,A42727B7214D4618A8772202,05B65ED12DD9C5A6DE76344F,CC1F1945B0BDD7E696804A57,189CF9C49DC5F8CC28494F23,3F5EBE797037DB8AD742CA79); runOnlyForDeploymentPostprocessing = 0;};
EB377C56DFB45B6E2F8C640C = {isa = XCSwiftPackageProductDependency; package = 582681C2EAE02B3F3D399C0C; productName = TrainingCore;};
4D1280CF0290A745F2ECF777 = {isa = PBXBuildFile; productRef = EB377C56DFB45B6E2F8C640C;};
FD6AFB9C410B891B691050F2 = {isa = PBXFrameworksBuildPhase; buildActionMask = 2147483647; files = (4D1280CF0290A745F2ECF777); runOnlyForDeploymentPostprocessing = 0;};
E0F2645B46469BB82707A7FF = {isa = XCBuildConfiguration; name = Debug; buildSettings = {PRODUCT_NAME = "$(TARGET_NAME)";PRODUCT_BUNDLE_IDENTIFIER = "us.zoller.PlentyStrong";MARKETING_VERSION = "0.1.0";CURRENT_PROJECT_VERSION = "2";ASSETCATALOG_COMPILER_APPICON_NAME = "AppIcon";CODE_SIGN_ENTITLEMENTS = "PlentyStrong/PlentyStrong.entitlements";PLENTY_STRONG_CLOUD_ENVIRONMENT = "Development";PLENTY_STRONG_APNS_ENVIRONMENT = "development";INFOPLIST_FILE = "PlentyStrong/Info.plist";PLENTY_STRONG_CLOUD_PROVISIONING_REVIEWED = "NO";SDKROOT = "iphoneos";IPHONEOS_DEPLOYMENT_TARGET = "18.0";SUPPORTED_PLATFORMS = "iphoneos iphonesimulator";TARGETED_DEVICE_FAMILY = "1,2";SWIFT_ACTIVE_COMPILATION_CONDITIONS = "DEBUG";DEFINES_MODULE = "YES";ENABLE_TESTABILITY = "YES";ONLY_ACTIVE_ARCH = "YES";SWIFT_VERSION = "6.0";GENERATE_INFOPLIST_FILE = "YES";CODE_SIGNING_ALLOWED = "NO";SWIFT_STRICT_CONCURRENCY = "complete";SWIFT_OPTIMIZATION_LEVEL = "-Onone";INFOPLIST_KEY_UILaunchScreen_Generation = "YES";INFOPLIST_KEY_UISupportedInterfaceOrientations_iPad = "UIInterfaceOrientationPortrait UIInterfaceOrientationPortraitUpsideDown UIInterfaceOrientationLandscapeLeft UIInterfaceOrientationLandscapeRight";INFOPLIST_KEY_UISupportedInterfaceOrientations = "UIInterfaceOrientationPortrait UIInterfaceOrientationLandscapeLeft UIInterfaceOrientationLandscapeRight";};};
D0A7F471E5E9D7F56F708ADF = {isa = XCBuildConfiguration; name = Release; buildSettings = {PRODUCT_NAME = "$(TARGET_NAME)";PRODUCT_BUNDLE_IDENTIFIER = "us.zoller.PlentyStrong";MARKETING_VERSION = "0.1.0";CURRENT_PROJECT_VERSION = "2";ASSETCATALOG_COMPILER_APPICON_NAME = "AppIcon";CODE_SIGN_ENTITLEMENTS = "PlentyStrong/PlentyStrong.entitlements";PLENTY_STRONG_CLOUD_ENVIRONMENT = "Production";PLENTY_STRONG_APNS_ENVIRONMENT = "production";INFOPLIST_FILE = "PlentyStrong/Info.plist";PLENTY_STRONG_CLOUD_PROVISIONING_REVIEWED = "NO";SDKROOT = "iphoneos";IPHONEOS_DEPLOYMENT_TARGET = "18.0";SUPPORTED_PLATFORMS = "iphoneos iphonesimulator";TARGETED_DEVICE_FAMILY = "1,2";SWIFT_ACTIVE_COMPILATION_CONDITIONS = "";DEFINES_MODULE = "YES";ENABLE_TESTABILITY = "YES";ONLY_ACTIVE_ARCH = "YES";SWIFT_VERSION = "6.0";GENERATE_INFOPLIST_FILE = "YES";CODE_SIGNING_ALLOWED = "NO";SWIFT_STRICT_CONCURRENCY = "complete";SWIFT_OPTIMIZATION_LEVEL = "-O";INFOPLIST_KEY_UILaunchScreen_Generation = "YES";INFOPLIST_KEY_UISupportedInterfaceOrientations_iPad = "UIInterfaceOrientationPortrait UIInterfaceOrientationPortraitUpsideDown UIInterfaceOrientationLandscapeLeft UIInterfaceOrientationLandscapeRight";INFOPLIST_KEY_UISupportedInterfaceOrientations = "UIInterfaceOrientationPortrait UIInterfaceOrientationLandscapeLeft UIInterfaceOrientationLandscapeRight";};};
BF30DE0449EE46803CB298F5 = {isa = XCConfigurationList; buildConfigurations = (E0F2645B46469BB82707A7FF,D0A7F471E5E9D7F56F708ADF); defaultConfigurationIsVisible = 0; defaultConfigurationName = Release;};
371718A688EE17576066E2E5 = {isa = PBXNativeTarget; buildConfigurationList = BF30DE0449EE46803CB298F5; buildPhases = (F1E07F60A06DA8073E988B8B,FD6AFB9C410B891B691050F2,C667C397922E2DEB2C132401); buildRules = (); dependencies = (); name = PlentyStrong; packageProductDependencies = (EB377C56DFB45B6E2F8C640C); productName = PlentyStrong; productReference = 7A693D82E22195B24809E319; productType = "com.apple.product-type.application";};
E3E571523C634D35C9410FCA = {isa = PBXFileReference; explicitFileType = wrapper.cfbundle; path = PlentyStrongTests.xctest; sourceTree = BUILT_PRODUCTS_DIR;};
20CE95D6039BE7501561C00A = {isa = PBXBuildFile; fileRef = E1090160763A2455054334F6;};
8CE44B077642123016957FA8 = {isa = PBXBuildFile; fileRef = 7B40772FF19B169EE88C97D4;};
F3BB559D210DEB0BED25F586 = {isa = PBXBuildFile; fileRef = BA3F8423F05665E91C4D7A38;};
8F695A632A0C84E42F8C7004 = {isa = PBXBuildFile; fileRef = ED34DF37B095B5B254A951B0;};
84440CC39E5CF8EA46C5BFC3 = {isa = PBXSourcesBuildPhase; buildActionMask = 2147483647; files = (A44444444444444444444402,4EC9FAA92B39396F6C14E8FE,16AC4E598B8BFAAABBFF5877,134CF88180F903615FDF087A,1D7A2CD16B26483D99BCA2F9,443EB500B4DDD637DF18AA50,1DA466F41A2FB6029F1BD4B3,4392E1D78181A6843E36A686,FE9E8E3C0E69BD8037B6B534,D4567423DD73D7035C749787,445E951139100184D1B145D2,20CE95D6039BE7501561C00A,8CE44B077642123016957FA8,F3BB559D210DEB0BED25F586,8F695A632A0C84E42F8C7004); runOnlyForDeploymentPostprocessing = 0;};
E8D425A08F566FED3FD7FA89 = {isa = PBXBuildFile; fileRef = F79A8E4C5D82D29559D6A313;};
B21E3AE972D6303831DCA5FC = {isa = PBXBuildFile; fileRef = D0B0518F0A45702BABBB984B;};
29C2561702A99B0850CFCD20 = {isa = PBXResourcesBuildPhase; buildActionMask = 2147483647; files = (B88D19FCF4ACC1C09BF536D6,E8D425A08F566FED3FD7FA89,B21E3AE972D6303831DCA5FC); runOnlyForDeploymentPostprocessing = 0;};
54C567ACEEB6EC203823177B = {isa = XCSwiftPackageProductDependency; package = 582681C2EAE02B3F3D399C0C; productName = TrainingCore;};
8FB03723ED3FD57F95DDB7BD = {isa = PBXBuildFile; productRef = 54C567ACEEB6EC203823177B;};
C52324CEB3D0F720F5AAE7A0 = {isa = PBXFrameworksBuildPhase; buildActionMask = 2147483647; files = (8FB03723ED3FD57F95DDB7BD); runOnlyForDeploymentPostprocessing = 0;};
96B44E7DD2FD9154E6FD3EE4 = {isa = XCBuildConfiguration; name = Debug; buildSettings = {PRODUCT_NAME = "$(TARGET_NAME)";PRODUCT_BUNDLE_IDENTIFIER = "us.zoller.PlentyStrongTests";SDKROOT = "iphoneos";IPHONEOS_DEPLOYMENT_TARGET = "18.0";SUPPORTED_PLATFORMS = "iphoneos iphonesimulator";TARGETED_DEVICE_FAMILY = "1,2";SWIFT_ACTIVE_COMPILATION_CONDITIONS = "DEBUG";DEFINES_MODULE = "YES";ENABLE_TESTABILITY = "YES";ONLY_ACTIVE_ARCH = "YES";SWIFT_VERSION = "6.0";GENERATE_INFOPLIST_FILE = "YES";CODE_SIGNING_ALLOWED = "NO";SWIFT_STRICT_CONCURRENCY = "complete";SWIFT_OPTIMIZATION_LEVEL = "-Onone";TEST_HOST = "$(BUILT_PRODUCTS_DIR)/PlentyStrong.app/$(BUNDLE_EXECUTABLE_FOLDER_PATH)/PlentyStrong";BUNDLE_LOADER = "$(TEST_HOST)";};};
934156378C6C6E1A16F28412 = {isa = XCBuildConfiguration; name = Release; buildSettings = {PRODUCT_NAME = "$(TARGET_NAME)";PRODUCT_BUNDLE_IDENTIFIER = "us.zoller.PlentyStrongTests";SDKROOT = "iphoneos";IPHONEOS_DEPLOYMENT_TARGET = "18.0";SUPPORTED_PLATFORMS = "iphoneos iphonesimulator";TARGETED_DEVICE_FAMILY = "1,2";SWIFT_ACTIVE_COMPILATION_CONDITIONS = "";DEFINES_MODULE = "YES";ENABLE_TESTABILITY = "YES";ONLY_ACTIVE_ARCH = "YES";SWIFT_VERSION = "6.0";GENERATE_INFOPLIST_FILE = "YES";CODE_SIGNING_ALLOWED = "NO";SWIFT_STRICT_CONCURRENCY = "complete";SWIFT_OPTIMIZATION_LEVEL = "-O";TEST_HOST = "$(BUILT_PRODUCTS_DIR)/PlentyStrong.app/$(BUNDLE_EXECUTABLE_FOLDER_PATH)/PlentyStrong";BUNDLE_LOADER = "$(TEST_HOST)";};};
63BF6A03B32CA4B269E1D9E4 = {isa = XCConfigurationList; buildConfigurations = (96B44E7DD2FD9154E6FD3EE4,934156378C6C6E1A16F28412); defaultConfigurationIsVisible = 0; defaultConfigurationName = Release;};
BD4F58B3475FF0128ED56DA6 = {isa = PBXContainerItemProxy; containerPortal = 98F54143AB4E86B28C3AFEE0; proxyType = 1; remoteGlobalIDString = 371718A688EE17576066E2E5; remoteInfo = PlentyStrong;};
10956C0B5C6A45FCC702A0A7 = {isa = PBXTargetDependency; target = 371718A688EE17576066E2E5; targetProxy = BD4F58B3475FF0128ED56DA6;};
4660356A1A5B3B63C9A0CACC = {isa = PBXNativeTarget; buildConfigurationList = 63BF6A03B32CA4B269E1D9E4; buildPhases = (84440CC39E5CF8EA46C5BFC3,C52324CEB3D0F720F5AAE7A0,29C2561702A99B0850CFCD20); buildRules = (); dependencies = (10956C0B5C6A45FCC702A0A7); name = PlentyStrongTests; packageProductDependencies = (54C567ACEEB6EC203823177B); productName = PlentyStrongTests; productReference = E3E571523C634D35C9410FCA; productType = "com.apple.product-type.bundle.unit-test";};
BC2F4B93DEBAED5A86C04079 = {isa = PBXFileReference; explicitFileType = wrapper.cfbundle; path = PlentyStrongUITests.xctest; sourceTree = BUILT_PRODUCTS_DIR;};
3E424622067557D467B008D2 = {isa = PBXBuildFile; fileRef = CBBD71586954ADB0D0AB69C8;};
1E3D5CD02B75DE57DDE0E42C = {isa = PBXSourcesBuildPhase; buildActionMask = 2147483647; files = (6D9D657E479B232CE96BE8BF,34AA6215BA7C29E71AA4B305,1E126CB3F5834B3CC1507539,86A2991C76EE0B15600A3CEC,E8F14B7B74A223C90AA06A46,851D9D08FB1245D47B0EF58F,3E424622067557D467B008D2); runOnlyForDeploymentPostprocessing = 0;};
9D8859622EFA96DE21410344 = {isa = PBXResourcesBuildPhase; buildActionMask = 2147483647; files = (B47C58F37CBAEFFBD21F5C4F,); runOnlyForDeploymentPostprocessing = 0;};
F5E2EDFA60E38BE9B569E8EA = {isa = XCSwiftPackageProductDependency; package = 582681C2EAE02B3F3D399C0C; productName = TrainingCore;};
3701A018EBFABCEFE67734DC = {isa = PBXBuildFile; productRef = F5E2EDFA60E38BE9B569E8EA;};
1F17654BEAE4D0FAC2D6E8BE = {isa = PBXFrameworksBuildPhase; buildActionMask = 2147483647; files = (3701A018EBFABCEFE67734DC); runOnlyForDeploymentPostprocessing = 0;};
38EAB712E46C1DB44A8C2618 = {isa = XCBuildConfiguration; name = Debug; buildSettings = {PRODUCT_NAME = "$(TARGET_NAME)";PRODUCT_BUNDLE_IDENTIFIER = "us.zoller.PlentyStrongUITests";SDKROOT = "iphoneos";IPHONEOS_DEPLOYMENT_TARGET = "18.0";SUPPORTED_PLATFORMS = "iphoneos iphonesimulator";TARGETED_DEVICE_FAMILY = "1,2";SWIFT_ACTIVE_COMPILATION_CONDITIONS = "DEBUG";DEFINES_MODULE = "YES";ENABLE_TESTABILITY = "YES";ONLY_ACTIVE_ARCH = "YES";SWIFT_VERSION = "6.0";GENERATE_INFOPLIST_FILE = "YES";CODE_SIGNING_ALLOWED = "NO";SWIFT_STRICT_CONCURRENCY = "complete";SWIFT_OPTIMIZATION_LEVEL = "-Onone";TEST_TARGET_NAME = "PlentyStrong";};};
8DD940FCF2E263C486DA0C9B = {isa = XCBuildConfiguration; name = Release; buildSettings = {PRODUCT_NAME = "$(TARGET_NAME)";PRODUCT_BUNDLE_IDENTIFIER = "us.zoller.PlentyStrongUITests";SDKROOT = "iphoneos";IPHONEOS_DEPLOYMENT_TARGET = "18.0";SUPPORTED_PLATFORMS = "iphoneos iphonesimulator";TARGETED_DEVICE_FAMILY = "1,2";SWIFT_ACTIVE_COMPILATION_CONDITIONS = "";DEFINES_MODULE = "YES";ENABLE_TESTABILITY = "YES";ONLY_ACTIVE_ARCH = "YES";SWIFT_VERSION = "6.0";GENERATE_INFOPLIST_FILE = "YES";CODE_SIGNING_ALLOWED = "NO";SWIFT_STRICT_CONCURRENCY = "complete";SWIFT_OPTIMIZATION_LEVEL = "-O";TEST_TARGET_NAME = "PlentyStrong";};};
D9C028B4E1D498D1B627FEC9 = {isa = XCConfigurationList; buildConfigurations = (38EAB712E46C1DB44A8C2618,8DD940FCF2E263C486DA0C9B); defaultConfigurationIsVisible = 0; defaultConfigurationName = Release;};
0FE5CACCF94654CA9B2415DF = {isa = PBXContainerItemProxy; containerPortal = 98F54143AB4E86B28C3AFEE0; proxyType = 1; remoteGlobalIDString = 371718A688EE17576066E2E5; remoteInfo = PlentyStrong;};
6BC30830AC0E5029A48B350C = {isa = PBXTargetDependency; target = 371718A688EE17576066E2E5; targetProxy = 0FE5CACCF94654CA9B2415DF;};
371BBC9DD2882062069FEA30 = {isa = PBXNativeTarget; buildConfigurationList = D9C028B4E1D498D1B627FEC9; buildPhases = (1E3D5CD02B75DE57DDE0E42C,1F17654BEAE4D0FAC2D6E8BE,9D8859622EFA96DE21410344); buildRules = (); dependencies = (6BC30830AC0E5029A48B350C); name = PlentyStrongUITests; packageProductDependencies = (F5E2EDFA60E38BE9B569E8EA); productName = PlentyStrongUITests; productReference = BC2F4B93DEBAED5A86C04079; productType = "com.apple.product-type.bundle.ui-testing";};
0DB11864148B0B439B5F1E64 = {isa = PBXFileReference; explicitFileType = compiled.mach-o.executable; path = PlentyStrongCrashHarness; sourceTree = BUILT_PRODUCTS_DIR;};
C011831FFE559DEED16C61A2 = {isa = PBXBuildFile; fileRef = 804F3AA3C23C7A48CA7CE75D;};
103B4877ADC995002E51F05B = {isa = PBXBuildFile; fileRef = 50160978998D86F31D419B27;};
1A7C919ACFD1E6B2ED7CA329 = {isa = PBXBuildFile; fileRef = 9BD5FCBF443FA79C8E4D4A2A;};
691CD3F4B4C04D3C5E8FEEED = {isa = PBXBuildFile; fileRef = 9C8DFF6B23D3F8763EEC05AF;};
EB2BF200D8898441713E994F = {isa = PBXBuildFile; fileRef = 403EE5C46B373FD340FB8B84;};
A6CE638592CF7B0020E96597 = {isa = PBXBuildFile; fileRef = 0C6702588BE653BE17295183;};
A10B7C6374376F7A53637762 = {isa = PBXSourcesBuildPhase; buildActionMask = 2147483647; files = (B1945478B33DF526D659A9D3,3AB739186DF2981F7BAB2F1D,A395192AD3F0F8D62407ECB1,CAC8376F25A770E29C0E0B8A,E9F25D28C71B8CE6C45E120E,2EB6C8C042F086DAD829622E,D567E1BA41CD4266EE65B98F,7D927997D35AC80872A8217C,C011831FFE559DEED16C61A2,103B4877ADC995002E51F05B,1A7C919ACFD1E6B2ED7CA329,691CD3F4B4C04D3C5E8FEEED,EB2BF200D8898441713E994F,A6CE638592CF7B0020E96597); runOnlyForDeploymentPostprocessing = 0;};
DDD5CE554B984563364792B7 = {isa = PBXResourcesBuildPhase; buildActionMask = 2147483647; files = (); runOnlyForDeploymentPostprocessing = 0;};
E119DD9792D370879ECD3EDF = {isa = XCSwiftPackageProductDependency; package = 582681C2EAE02B3F3D399C0C; productName = TrainingCore;};
CE1F72C11CF64161830DA97A = {isa = PBXBuildFile; productRef = E119DD9792D370879ECD3EDF;};
BBDFD69A17C473F9C88DC787 = {isa = PBXFrameworksBuildPhase; buildActionMask = 2147483647; files = (CE1F72C11CF64161830DA97A); runOnlyForDeploymentPostprocessing = 0;};
333CD91DEA788F2938C192DD = {isa = XCBuildConfiguration; name = Debug; buildSettings = {PRODUCT_NAME = "$(TARGET_NAME)";PRODUCT_BUNDLE_IDENTIFIER = "us.zoller.PlentyStrongCrashHarness";SDKROOT = "macosx";IPHONEOS_DEPLOYMENT_TARGET = "18.0";SUPPORTED_PLATFORMS = "macosx";TARGETED_DEVICE_FAMILY = "1,2";SWIFT_ACTIVE_COMPILATION_CONDITIONS = "DEBUG";DEFINES_MODULE = "YES";ENABLE_TESTABILITY = "YES";ONLY_ACTIVE_ARCH = "YES";SWIFT_VERSION = "6.0";GENERATE_INFOPLIST_FILE = "NO";CODE_SIGNING_ALLOWED = "NO";SWIFT_STRICT_CONCURRENCY = "complete";SWIFT_OPTIMIZATION_LEVEL = "-Onone";MACOSX_DEPLOYMENT_TARGET = "15.0";};};
71960E0D00200826041E448A = {isa = XCBuildConfiguration; name = Release; buildSettings = {PRODUCT_NAME = "$(TARGET_NAME)";PRODUCT_BUNDLE_IDENTIFIER = "us.zoller.PlentyStrongCrashHarness";SDKROOT = "macosx";IPHONEOS_DEPLOYMENT_TARGET = "18.0";SUPPORTED_PLATFORMS = "macosx";TARGETED_DEVICE_FAMILY = "1,2";SWIFT_ACTIVE_COMPILATION_CONDITIONS = "";DEFINES_MODULE = "YES";ENABLE_TESTABILITY = "YES";ONLY_ACTIVE_ARCH = "YES";SWIFT_VERSION = "6.0";GENERATE_INFOPLIST_FILE = "NO";CODE_SIGNING_ALLOWED = "NO";SWIFT_STRICT_CONCURRENCY = "complete";SWIFT_OPTIMIZATION_LEVEL = "-O";MACOSX_DEPLOYMENT_TARGET = "15.0";};};
17B81010EC64FD786EEF5416 = {isa = XCConfigurationList; buildConfigurations = (333CD91DEA788F2938C192DD,71960E0D00200826041E448A); defaultConfigurationIsVisible = 0; defaultConfigurationName = Release;};
561CF21D1E94C433B6DD1B5C = {isa = PBXNativeTarget; buildConfigurationList = 17B81010EC64FD786EEF5416; buildPhases = (A10B7C6374376F7A53637762,BBDFD69A17C473F9C88DC787,DDD5CE554B984563364792B7); buildRules = (); dependencies = (); name = PlentyStrongCrashHarness; packageProductDependencies = (E119DD9792D370879ECD3EDF); productName = PlentyStrongCrashHarness; productReference = 0DB11864148B0B439B5F1E64; productType = "com.apple.product-type.tool";};
FBDC4F23F93125BBEEAE800C = {isa = PBXGroup; children = (7A693D82E22195B24809E319,E3E571523C634D35C9410FCA,BC2F4B93DEBAED5A86C04079,0DB11864148B0B439B5F1E64); name = Products; sourceTree = "<group>";};
B28B7AF69320201D1CF206EB = {isa = PBXGroup; children = (A44444444444444444444403,A44444444444444444444401,C32727B7214D4618A8772201,A42727B7214D4618A8772201,1CDE44CBABEA659702E7CA51,B51BD02D739A7260EADC0A1E,CEA9C6AD5384D89E8D900D06,C0F6E89A7445AFAE55639FC4,90F3565AA988AF750C61996A,ABCF710EC4A0B07027297C7C,79922B4EAA644EFD7C22F1CC,629CB8C4C92483C4008F3952,8D588C54CB2976F7A21969BC,03460262D666C1B5B06D01AA,D19E28CBFF9A34FBB2867C47,3B0922C0844C372AB6BF7300,8E7D3095745FAFDE044B398A,9A1F0B87B7402A7C30AFB49A,0A171F903A5B107A53F93BB9,9B761B2EDDAF6978286A4621,8DB5304BDB33E88FF3946B4B,C76A8C8A2CADE3E4F07F15E4,40667DC5FE0A64283DD6876D,0BDA5A930092C0C194C8168F,8F78C3B42027DEB887159946,78E0893F65ED9218C8D03C63,58E10F00B5A358740AA2B7F9,8A4EB675205BCE7BDAD1998C,02E9ECEC64B822CEC85D618D,84C8B04F0618505D7E3B93C1,EEA9ADD9CFE90C8EEA042355,B612F49D3917ECA046B1C837,A0EABDCB46136B476DEFB32C,35BF92AA92998D8E6CC8997E,42206D16A4EDBCF070BBEFB6,066579F00958FF4DFAAB6C07,0932A24E224DDF729D7CCD58,E4FBFD16C509A784A290009C,50160978998D86F31D419B27,9BD5FCBF443FA79C8E4D4A2A,9C8DFF6B23D3F8763EEC05AF,403EE5C46B373FD340FB8B84,0C6702588BE653BE17295183,E1090160763A2455054334F6,7B40772FF19B169EE88C97D4,BA3F8423F05665E91C4D7A38,ED34DF37B095B5B254A951B0,CBBD71586954ADB0D0AB69C8,804F3AA3C23C7A48CA7CE75D,8671CA34462D6D06DE054680,EFA7610F1CBB9E096549BA56,778EB363E9C3B74D349B79B5,F79A8E4C5D82D29559D6A313,D0B0518F0A45702BABBB984B,FBDC4F23F93125BBEEAE800C); sourceTree = "<group>";};
89E1FD6268CC0F221A2BE178 = {isa = XCBuildConfiguration; name = Debug; buildSettings = {CLANG_ENABLE_MODULES = YES;};};
E6DE6C99132752C914FEF632 = {isa = XCBuildConfiguration; name = Release; buildSettings = {CLANG_ENABLE_MODULES = YES;};};
862894B703A6DEDF96A9DD6C = {isa = XCConfigurationList; buildConfigurations = (89E1FD6268CC0F221A2BE178,E6DE6C99132752C914FEF632); defaultConfigurationIsVisible = 0; defaultConfigurationName = Release;};
98F54143AB4E86B28C3AFEE0 = {isa = PBXProject; attributes = {LastUpgradeCheck = 2700;}; buildConfigurationList = 862894B703A6DEDF96A9DD6C; compatibilityVersion = "Xcode 14.0"; developmentRegion = en; knownRegions = (en, Base); mainGroup = B28B7AF69320201D1CF206EB; packageReferences = (582681C2EAE02B3F3D399C0C); productRefGroup = FBDC4F23F93125BBEEAE800C; projectDirPath = ""; projectRoot = ""; targets = (371718A688EE17576066E2E5,4660356A1A5B3B63C9A0CACC,371BBC9DD2882062069FEA30,561CF21D1E94C433B6DD1B5C);};
}; rootObject = 98F54143AB4E86B28C3AFEE0;}
